
Microsoft Visual Studio Solution File, Format Version 12.00
# Visual Studio 15
VisualStudioVersion = 15.0.27130.2027
MinimumVisualStudioVersion = 10.0.40219.1
Project("{FAE04EC0-301F-11D3-BF4B-00C04F79EFBC}") = "SpyStore.DAL", "SpyStore.DAL\SpyStore.DAL.csproj", "{C86A8154-F3B8-416A-B264-B7A4F3C96A13}"
EndProject
Project("{FAE04EC0-301F-11D3-BF4B-00C04F79EFBC}") = "SpyStore.Models", "SpyStore.Models\SpyStore.Models.csproj", "{4B324E3D-23B4-4BEC-B01B-249DFA5AB2A5}"
EndProject
Project("{FAE04EC0-301F-11D3-BF4B-00C04F79EFBC}") = "SpyStore.DAL.Tests", "SpyStore.DAL.Tests\SpyStore.DAL.Tests.csproj", "{A705DE2F-611C-42C8-8FAB-A3B02A821112}"
EndProject
Global
	GlobalSection(SolutionConfigurationPlatforms) = preSolution
		Debug|Any CPU = Debug|Any CPU
		Release|Any CPU = Release|Any CPU
	EndGlobalSection
	GlobalSection(ProjectConfigurationPlatforms) = postSolution
		{C86A8154-F3B8-416A-B264-B7A4F3C96A13}.Debug|Any CPU.ActiveCfg = Debug|Any CPU
		{C86A8154-F3B8-416A-B264-B7A4F3C96A13}.Debug|Any CPU.Build.0 = Debug|Any CPU
		{C86A8154-F3B8-416A-B264-B7A4F3C96A13}.Release|Any CPU.ActiveCfg = Release|Any CPU
		{C86A8154-F3B8-416A-B264-B7A4F3C96A13}.Release|Any CPU.Build.0 = Release|Any CPU
		{4B324E3D-23B4-4BEC-B01B-249DFA5AB2A5}.Debug|Any CPU.ActiveCfg = Debug|Any CPU
		{4B324E3D-23B4-4BEC-B01B-249DFA5AB2A5}.Debug|Any CPU.Build.0 = Debug|Any CPU
		{4B324E3D-23B4-4BEC-B01B-249DFA5AB2A5}.Release|Any CPU.ActiveCfg = Release|Any CPU
		{4B324E3D-23B4-4BEC-B01B-249DFA5AB2A5}.Release|Any CPU.Build.0 = Release|Any CPU
		{A705DE2F-611C-42C8-8FAB-A3B02A821112}.Debug|Any CPU.ActiveCfg = Debug|Any CPU
		{A705DE2F-611C-42C8-8FAB-A3B02A821112}.Debug|Any CPU.Build.0 = Debug|Any CPU
		{A705DE2F-611C-42C8-8FAB-A3B02A821112}.Release|Any CPU.ActiveCfg = Release|Any CPU
		{A705DE2F-611C-42C8-8FAB-A3B02A821112}.Release|Any CPU.Build.0 = Release|Any CPU
	EndGlobalSection
	GlobalSection(SolutionProperties) = preSolution
		HideSolutionNode = FALSE
	EndGlobalSection
	GlobalSection(ExtensibilityGlobals) = postSolution
		SolutionGuid = {779148AC-2DB6-4F79-B924-2CFC3EF91F89}
	EndGlobalSection
EndGlobal
