
Microsoft Visual Studio Solution File, Format Version 12.00
# Visual Studio 15
VisualStudioVersion = 15.0.27130.2027
MinimumVisualStudioVersion = 10.0.40219.1
Project("{FAE04EC0-301F-11D3-BF4B-00C04F79EFBC}") = "WebApplication", "WebApplication\WebApplication.csproj", "{DC696AFD-2B0D-45D9-89AF-E41B83734396}"
EndProject
Global
	GlobalSection(SolutionConfigurationPlatforms) = preSolution
		Debug|Any CPU = Debug|Any CPU
		Release|Any CPU = Release|Any CPU
	EndGlobalSection
	GlobalSection(ProjectConfigurationPlatforms) = postSolution
		{DC696AFD-2B0D-45D9-89AF-E41B83734396}.Debug|Any CPU.ActiveCfg = Debug|Any CPU
		{DC696AFD-2B0D-45D9-89AF-E41B83734396}.Debug|Any CPU.Build.0 = Debug|Any CPU
		{DC696AFD-2B0D-45D9-89AF-E41B83734396}.Release|Any CPU.ActiveCfg = Release|Any CPU
		{DC696AFD-2B0D-45D9-89AF-E41B83734396}.Release|Any CPU.Build.0 = Release|Any CPU
	EndGlobalSection
	GlobalSection(SolutionProperties) = preSolution
		HideSolutionNode = FALSE
	EndGlobalSection
	GlobalSection(ExtensibilityGlobals) = postSolution
		SolutionGuid = {45C9DCD0-C846-445A-83DC-106EE366591A}
	EndGlobalSection
EndGlobal
